
Microsoft Visual Studio Solution File, Format Version 12.00
# Visual Studio 15
VisualStudioVersion = 15.0.26430.13
MinimumVisualStudioVersion = 10.0.40219.1
Project("{FAE04EC0-301F-11D3-BF4B-00C04F79EFBC}") = "Maxiploit", "Maxiploit\Maxiploit.csproj", "{2ECED349-9453-4CE7-A1F7-FE82F29B396E}"
EndProject
Project("{FAE04EC0-301F-11D3-BF4B-00C04F79EFBC}") = "Maxiploit.Core", "Maxiploit.Core\Maxiploit.Core.csproj", "{CEC95E70-2A74-45C8-9BDA-376919F9DF36}"
EndProject
Project("{FAE04EC0-301F-11D3-BF4B-00C04F79EFBC}") = "Maxiploit.CLI", "Maxiploit.CLI\Maxiploit.CLI.csproj", "{DE781917-1098-4BCF-BFDC-509D662E5F65}"
EndProject
Global
	GlobalSection(SolutionConfigurationPlatforms) = preSolution
		Debug|Any CPU = Debug|Any CPU
		Release|Any CPU = Release|Any CPU
	EndGlobalSection
	GlobalSection(ProjectConfigurationPlatforms) = postSolution
		{2ECED349-9453-4CE7-A1F7-FE82F29B396E}.Debug|Any CPU.ActiveCfg = Debug|Any CPU
		{2ECED349-9453-4CE7-A1F7-FE82F29B396E}.Debug|Any CPU.Build.0 = Debug|Any CPU
		{2ECED349-9453-4CE7-A1F7-FE82F29B396E}.Release|Any CPU.ActiveCfg = Release|Any CPU
		{2ECED349-9453-4CE7-A1F7-FE82F29B396E}.Release|Any CPU.Build.0 = Release|Any CPU
		{CEC95E70-2A74-45C8-9BDA-376919F9DF36}.Debug|Any CPU.ActiveCfg = Debug|Any CPU
		{CEC95E70-2A74-45C8-9BDA-376919F9DF36}.Debug|Any CPU.Build.0 = Debug|Any CPU
		{CEC95E70-2A74-45C8-9BDA-376919F9DF36}.Release|Any CPU.ActiveCfg = Release|Any CPU
		{CEC95E70-2A74-45C8-9BDA-376919F9DF36}.Release|Any CPU.Build.0 = Release|Any CPU
		{DE781917-1098-4BCF-BFDC-509D662E5F65}.Debug|Any CPU.ActiveCfg = Debug|Any CPU
		{DE781917-1098-4BCF-BFDC-509D662E5F65}.Debug|Any CPU.Build.0 = Debug|Any CPU
		{DE781917-1098-4BCF-BFDC-509D662E5F65}.Release|Any CPU.ActiveCfg = Release|Any CPU
		{DE781917-1098-4BCF-BFDC-509D662E5F65}.Release|Any CPU.Build.0 = Release|Any CPU
	EndGlobalSection
	GlobalSection(SolutionProperties) = preSolution
		HideSolutionNode = FALSE
	EndGlobalSection
	GlobalSection(ExtensibilityGlobals) = postSolution
		SolutionGuid = {C41D83C6-E551-47D1-A5FB-A90C369A7BA6}
	EndGlobalSection
EndGlobal
